// !$*UTF8*$!
{
	archiveVersion = 1;
	classes = {
	};
	objectVersion = 46;
	objects = {

/* Begin PBXBuildFile section */
		32EDBE8A1B9C81F500532A9A /* AppDelegate.swift in Sources */ = {isa = PBXBuildFile; fileRef = 32EDBE891B9C81F500532A9A /* AppDelegate.swift */; };
		32EDBE8C1B9C81F500532A9A /* ViewController.swift in Sources */ = {isa = PBXBuildFile; fileRef = 32EDBE8B1B9C81F500532A9A /* ViewController.swift */; };
		32EDBE8F1B9C81F500532A9A /* Main.storyboard in Resources */ = {isa = PBXBuildFile; fileRef = 32EDBE8D1B9C81F500532A9A /* Main.storyboard */; };
		32EDBE911B9C81F500532A9A /* Images.xcassets in Resources */ = {isa = PBXBuildFile; fileRef = 32EDBE901B9C81F500532A9A /* Images.xcassets */; };
		32EDBE941B9C81F500532A9A /* LaunchScreen.xib in Resources */ = {isa = PBXBuildFile; fileRef = 32EDBE921B9C81F500532A9A /* LaunchScreen.xib */; };
		32EDBEA01B9C81F500532A9A /* WordListTests.swift in Sources */ = {isa = PBXBuildFile; fileRef = 32EDBE9F1B9C81F500532A9A /* WordListTests.swift */; };
/* End PBXBuildFile section */

/* Begin PBXContainerItemProxy section */
		32EDBE9A1B9C81F500532A9A /* PBXContainerItemProxy */ = {
			isa = PBXContainerItemProxy;
			containerPortal = 32EDBE7C1B9C81F500532A9A /* Project object */;
			proxyType = 1;
			remoteGlobalIDString = 32EDBE831B9C81F500532A9A;
			remoteInfo = WordList;
		};
/* End PBXContainerItemProxy section */

/* Begin PBXFileReference section */
		32EDBE841B9C81F500532A9A /* WordList.app */ = {isa = PBXFileReference; explicitFileType = wrapper.application; includeInIndex = 0; path = WordList.app; sourceTree = BUILT_PRODUCTS_DIR; };
		32EDBE881B9C81F500532A9A /* Info.plist */ = {isa = PBXFileReference; lastKnownFileType = text.plist.xml; path = Info.plist; sourceTree = "<group>"; };
		32EDBE891B9C81F500532A9A /* AppDelegate.swift */ = {isa = PBXFileReference; lastKnownFileType = sourcecode.swift; path = AppDelegate.swift; sourceTree = "<group>"; };
		32EDBE8B1B9C81F500532A9A /* ViewController.swift */ = {isa = PBXFileReference; lastKnownFileType = sourcecode.swift; path = ViewController.swift; sourceTree = "<group>"; };
		32EDBE8E1B9C81F500532A9A /* Base */ = {isa = PBXFileReference; lastKnownFileType = file.storyboard; name = Base; path = Base.lproj/Main.storyboard; sourceTree = "<group>"; };
		32EDBE901B9C81F500532A9A /* Images.xcassets */ = {isa = PBXFileReference; lastKnownFileType = folder.assetcatalog; path = Images.xcassets; sourceTree = "<group>"; };
		32EDBE931B9C81F500532A9A /* Base */ = {isa = PBXFileReference; lastKnownFileType = file.xib; name = Base; path = Base.lproj/LaunchScreen.xib; sourceTree = "<group>"; };
		32EDBE991B9C81F500532A9A /* WordListTests.xctest */ = {isa = PBXFileReference; explicitFileType = wrapper.cfbundle; includeInIndex = 0; path = WordListTests.xctest; sourceTree = BUILT_PRODUCTS_DIR; };
		32EDBE9E1B9C81F500532A9A /* Info.plist */ = {isa = PBXFileReference; lastKnownFileType = text.plist.xml; path = Info.plist; sourceTree = "<group>"; };
		32EDBE9F1B9C81F500532A9A /* WordListTests.swift */ = {isa = PBXFileReference; lastKnownFileType = sourcecode.swift; path = WordListTests.swift; sourceTree = "<group>"; };
/* End PBXFileReference section */

/* Begin PBXFrameworksBuildPhase section */
		32EDBE811B9C81F500532A9A /* Frameworks */ = {
			isa = PBXFrameworksBuildPhase;
			buildActionMask = 2147483647;
			files = (
			);
			runOnlyForDeploymentPostprocessing = 0;
		};
		32EDBE961B9C81F500532A9A /* Frameworks */ = {
			isa = PBXFrameworksBuildPhase;
			buildActionMask = 2147483647;
			files = (
			);
			runOnlyForDeploymentPostprocessing = 0;
		};
/* End PBXFrameworksBuildPhase section */

/* Begin PBXGroup section */
		32EDBE7B1B9C81F500532A9A = {
			isa = PBXGroup;
			children = (
				32EDBE861B9C81F500532A9A /* WordList */,
				32EDBE9C1B9C81F500532A9A /* WordListTests */,
				32EDBE851B9C81F500532A9A /* Products */,
			);
			sourceTree = "<group>";
		};
		32EDBE851B9C81F500532A9A /* Products */ = {
			isa = PBXGroup;
			children = (
				32EDBE841B9C81F500532A9A /* WordList.app */,
				32EDBE991B9C81F500532A9A /* WordListTests.xctest */,
			);
			name = Products;
			sourceTree = "<group>";
		};
		32EDBE861B9C81F500532A9A /* WordList */ = {
			isa = PBXGroup;
			children = (
				32EDBE891B9C81F500532A9A /* AppDelegate.swift */,
				32EDBE8B1B9C81F500532A9A /* ViewController.swift */,
				32EDBE8D1B9C81F500532A9A /* Main.storyboard */,
				32EDBE901B9C81F500532A9A /* Images.xcassets */,
				32EDBE921B9C81F500532A9A /* LaunchScreen.xib */,
				32EDBE871B9C81F500532A9A /* Supporting Files */,
			);
			path = WordList;
			sourceTree = "<group>";
		};
		32EDBE871B9C81F500532A9A /* Supporting Files */ = {
			isa = PBXGroup;
			children = (
				32EDBE881B9C81F500532A9A /* Info.plist */,
			);
			name = "Supporting Files";
			sourceTree = "<group>";
		};
		32EDBE9C1B9C81F500532A9A /* WordListTests */ = {
			isa = PBXGroup;
			children = (
				32EDBE9F1B9C81F500532A9A /* WordListTests.swift */,
				32EDBE9D1B9C81F500532A9A /* Supporting Files */,
			);
			path = WordListTests;
			sourceTree = "<group>";
		};
		32EDBE9D1B9C81F500532A9A /* Supporting Files */ = {
			isa = PBXGroup;
			children = (
				32EDBE9E1B9C81F500532A9A /* Info.plist */,
			);
			name = "Supporting Files";
			sourceTree = "<group>";
		};
/* End PBXGroup section */

/* Begin PBXNativeTarget section */
		32EDBE831B9C81F500532A9A /* WordList */ = {
			isa = PBXNativeTarget;
			buildConfigurationList = 32EDBEA31B9C81F500532A9A /* Build configuration list for PBXNativeTarget "WordList" */;
			buildPhases = (
				32EDBE801B9C81F500532A9A /* Sources */,
				32EDBE811B9C81F500532A9A /* Frameworks */,
				32EDBE821B9C81F500532A9A /* Resources */,
			);
			buildRules = (
			);
			dependencies = (
			);
			name = WordList;
			productName = WordList;
			productReference = 32EDBE841B9C81F500532A9A /* WordList.app */;
			productType = "com.apple.product-type.application";
		};
		32EDBE981B9C81F500532A9A /* WordListTests */ = {
			isa = PBXNativeTarget;
			buildConfigurationList = 32EDBEA61B9C81F500532A9A /* Build configuration list for PBXNativeTarget "WordListTests" */;
			buildPhases = (
				32EDBE951B9C81F500532A9A /* Sources */,
				32EDBE961B9C81F500532A9A /* Frameworks */,
				32EDBE971B9C81F500532A9A /* Resources */,
			);
			buildRules = (
			);
			dependencies = (
				32EDBE9B1B9C81F500532A9A /* PBXTargetDependency */,
			);
			name = WordListTests;
			productName = WordListTests;
			productReference = 32EDBE991B9C81F500532A9A /* WordListTests.xctest */;
			productType = "com.apple.product-type.bundle.unit-test";
		};
/* End PBXNativeTarget section */

/* Begin PBXProject section */
		32EDBE7C1B9C81F500532A9A /* Project object */ = {
			isa = PBXProject;
			attributes = {
				LastUpgradeCheck = 0640;
				ORGANIZATIONNAME = "Fumiya Yamanaka";
				TargetAttributes = {
					32EDBE831B9C81F500532A9A = {
						CreatedOnToolsVersion = 6.4;
					};
					32EDBE981B9C81F500532A9A = {
						CreatedOnToolsVersion = 6.4;
						TestTargetID = 32EDBE831B9C81F500532A9A;
					};
				};
			};
			buildConfigurationList = 32EDBE7F1B9C81F500532A9A /* Build configuration list for PBXProject "WordList" */;
			compatibilityVersion = "Xcode 3.2";
			developmentRegion = English;
			hasScannedForEncodings = 0;
			knownRegions = (
				en,
				Base,
			);
			mainGroup = 32EDBE7B1B9C81F500532A9A;
			productRefGroup = 32EDBE851B9C81F500532A9A /* Products */;
			projectDirPath = "";
			projectRoot = "";
			targets = (
				32EDBE831B9C81F500532A9A /* WordList */,
				32EDBE981B9C81F500532A9A /* WordListTests */,
			);
		};
/* End PBXProject section */

/* Begin PBXResourcesBuildPhase section */
		32EDBE821B9C81F500532A9A /* Resources */ = {
			isa = PBXResourcesBuildPhase;
			buildActionMask = 2147483647;
			files = (
				32EDBE8F1B9C81F500532A9A /* Main.storyboard in Resources */,
				32EDBE941B9C81F500532A9A /* LaunchScreen.xib in Resources */,
				32EDBE911B9C81F500532A9A /* Images.xcassets in Resources */,
			);
			runOnlyForDeploymentPostprocessing = 0;
		};
		32EDBE971B9C81F500532A9A /* Resources */ = {
			isa = PBXResourcesBuildPhase;
			buildActionMask = 2147483647;
			files = (
			);
			runOnlyForDeploymentPostprocessing = 0;
		};
/* End PBXResourcesBuildPhase section */

/* Begin PBXSourcesBuildPhase section */
		32EDBE801B9C81F500532A9A /* Sources */ = {
			isa = PBXSourcesBuildPhase;
			buildActionMask = 2147483647;
			files = (
				32EDBE8C1B9C81F500532A9A /* ViewController.swift in Sources */,
				32EDBE8A1B9C81F500532A9A /* AppDelegate.swift in Sources */,
			);
			runOnlyForDeploymentPostprocessing = 0;
		};
		32EDBE951B9C81F500532A9A /* Sources */ = {
			isa = PBXSourcesBuildPhase;
			buildActionMask = 2147483647;
			files = (
				32EDBEA01B9C81F500532A9A /* WordListTests.swift in Sources */,
			);
			runOnlyForDeploymentPostprocessing = 0;
		};
/* End PBXSourcesBuildPhase section */

/* Begin PBXTargetDependency section */
		32EDBE9B1B9C81F500532A9A /* PBXTargetDependency */ = {
			isa = PBXTargetDependency;
			target = 32EDBE831B9C81F500532A9A /* WordList */;
			targetProxy = 32EDBE9A1B9C81F500532A9A /* PBXContainerItemProxy */;
		};
/* End PBXTargetDependency section */

/* Begin PBXVariantGroup section */
		32EDBE8D1B9C81F500532A9A /* Main.storyboard */ = {
			isa = PBXVariantGroup;
			children = (
				32EDBE8E1B9C81F500532A9A /* Base */,
			);
			name = Main.storyboard;
			sourceTree = "<group>";
		};
		32EDBE921B9C81F500532A9A /* LaunchScreen.xib */ = {
			isa = PBXVariantGroup;
			children = (
				32EDBE931B9C81F500532A9A /* Base */,
			);
			name = LaunchScreen.xib;
			sourceTree = "<group>";
		};
/* End PBXVariantGroup section */

/* Begin XCBuildConfiguration section */
		32EDBEA11B9C81F500532A9A /* Debug */ = {
			isa = XCBuildConfiguration;
			buildSettings = {
				ALWAYS_SEARCH_USER_PATHS = NO;
				CLANG_CXX_LANGUAGE_STANDARD = "gnu++0x";
				CLANG_CXX_LIBRARY = "libc++";
				CLANG_ENABLE_MODULES = YES;
				CLANG_ENABLE_OBJC_ARC = YES;
				CLANG_WARN_BOOL_CONVERSION = YES;
				CLANG_WARN_CONSTANT_CONVERSION = YES;
				CLANG_WARN_DIRECT_OBJC_ISA_USAGE = YES_ERROR;
				CLANG_WARN_EMPTY_BODY = YES;
				CLANG_WARN_ENUM_CONVERSION = YES;
				CLANG_WARN_INT_CONVERSION = YES;
				CLANG_WARN_OBJC_ROOT_CLASS = YES_ERROR;
				CLANG_WARN_UNREACHABLE_CODE = YES;
				CLANG_WARN__DUPLICATE_METHOD_MATCH = YES;
				"CODE_SIGN_IDENTITY[sdk=iphoneos*]" = "iPhone Developer";
				COPY_PHASE_STRIP = NO;
				DEBUG_INFORMATION_FORMAT = "dwarf-with-dsym";
				ENABLE_STRICT_OBJC_MSGSEND = YES;
				GCC_C_LANGUAGE_STANDARD = gnu99;
				GCC_DYNAMIC_NO_PIC = NO;
				GCC_NO_COMMON_BLOCKS = YES;
				GCC_OPTIMIZATION_LEVEL = 0;
				GCC_PREPROCESSOR_DEFINITIONS = (
					"DEBUG=1",
					"$(inherited)",
				);
				GCC_SYMBOLS_PRIVATE_EXTERN = NO;
				GCC_WARN_64_TO_32_BIT_CONVERSION = YES;
				GCC_WARN_ABOUT_RETURN_TYPE = YES_ERROR;
				GCC_WARN_UNDECLARED_SELECTOR = YES;
				GCC_WARN_UNINITIALIZED_AUTOS = YES_AGGRESSIVE;
				GCC_WARN_UNUSED_FUNCTION = YES;
				GCC_WARN_UNUSED_VARIABLE = YES;
				IPHONEOS_DEPLOYMENT_TARGET = 8.4;
				MTL_ENABLE_DEBUG_INFO = YES;
				ONLY_ACTIVE_ARCH = YES;
				SDKROOT = iphoneos;
				SWIFT_OPTIMIZATION_LEVEL = "-Onone";
			};
			name = Debug;
		};
		32EDBEA21B9C81F500532A9A /* Release */ = {
			isa = XCBuildConfiguration;
			buildSettings = {
				ALWAYS_SEARCH_USER_PATHS = NO;
				CLANG_CXX_LANGUAGE_STANDARD = "gnu++0x";
				CLANG_CXX_LIBRARY = "libc++";
				CLANG_ENABLE_MODULES = YES;
				CLANG_ENABLE_OBJC_ARC = YES;
				CLANG_WARN_BOOL_CONVERSION = YES;
				CLANG_WARN_CONSTANT_CONVERSION = YES;
				CLANG_WARN_DIRECT_OBJC_ISA_USAGE = YES_ERROR;
				CLANG_WARN_EMPTY_BODY = YES;
				CLANG_WARN_ENUM_CONVERSION = YES;
				CLANG_WARN_INT_CONVERSION = YES;
				CLANG_WARN_OBJC_ROOT_CLASS = YES_ERROR;
				CLANG_WARN_UNREACHABLE_CODE = YES;
				CLANG_WARN__DUPLICATE_METHOD_MATCH = YES;
				"CODE_SIGN_IDENTITY[sdk=iphoneos*]" = "iPhone Developer";
				COPY_PHASE_STRIP = NO;
				DEBUG_INFORMATION_FORMAT = "dwarf-with-dsym";
				ENABLE_NS_ASSERTIONS = NO;
				ENABLE_STRICT_OBJC_MSGSEND = YES;
				GCC_C_LANGUAGE_STANDARD = gnu99;
				GCC_NO_COMMON_BLOCKS = YES;
				GCC_WARN_64_TO_32_BIT_CONVERSION = YES;
				GCC_WARN_ABOUT_RETURN_TYPE = YES_ERROR;
				GCC_WARN_UNDECLARED_SELECTOR = YES;
				GCC_WARN_UNINITIALIZED_AUTOS = YES_AGGRESSIVE;
				GCC_WARN_UNUSED_FUNCTION = YES;
				GCC_WARN_UNUSED_VARIABLE = YES;
				IPHONEOS_DEPLOYMENT_TARGET = 8.4;
				MTL_ENABLE_DEBUG_INFO = NO;
				SDKROOT = iphoneos;
				VALIDATE_PRODUCT = YES;
			};
			name = Release;
		};
		32EDBEA41B9C81F500532A9A /* Debug */ = {
			isa = XCBuildConfiguration;
			buildSettings = {
				ASSETCATALOG_COMPILER_APPICON_NAME = AppIcon;
				INFOPLIST_FILE = WordList/Info.plist;
				LD_RUNPATH_SEARCH_PATHS = "$(inherited) @executable_path/Frameworks";
				PRODUCT_NAME = "$(TARGET_NAME)";
			};
			name = Debug;
		};
		32EDBEA51B9C81F500532A9A /* Release */ = {
			isa = XCBuildConfiguration;
			buildSettings = {
				ASSETCATALOG_COMPILER_APPICON_NAME = AppIcon;
				INFOPLIST_FILE = WordList/Info.plist;
				LD_RUNPATH_SEARCH_PATHS = "$(inherited) @executable_path/Frameworks";
				PRODUCT_NAME = "$(TARGET_NAME)";
			};
			name = Release;
		};
		32EDBEA71B9C81F500532A9A /* Debug */ = {
			isa = XCBuildConfiguration;
			buildSettings = {
				BUNDLE_LOADER = "$(TEST_HOST)";
				FRAMEWORK_SEARCH_PATHS = (
					"$(SDKROOT)/Developer/Library/Frameworks",
					"$(inherited)",
				);
				GCC_PREPROCESSOR_DEFINITIONS = (
					"DEBUG=1",
					"$(inherited)",
				);
				INFOPLIST_FILE = WordListTests/Info.plist;
				LD_RUNPATH_SEARCH_PATHS = "$(inherited) @executable_path/Frameworks @loader_path/Frameworks";
				PRODUCT_NAME = "$(TARGET_NAME)";
				TEST_HOST = "$(BUILT_PRODUCTS_DIR)/WordList.app/WordList";
			};
			name = Debug;
		};
		32EDBEA81B9C81F500532A9A /* Release */ = {
			isa = XCBuildConfiguration;
			buildSettings = {
				BUNDLE_LOADER = "$(TEST_HOST)";
				FRAMEWORK_SEARCH_PATHS = (
					"$(SDKROOT)/Developer/Library/Frameworks",
					"$(inherited)",
				);
				INFOPLIST_FILE = WordListTests/Info.plist;
				LD_RUNPATH_SEARCH_PATHS = "$(inherited) @executable_path/Frameworks @loader_path/Frameworks";
				PRODUCT_NAME = "$(TARGET_NAME)";
				TEST_HOST = "$(BUILT_PRODUCTS_DIR)/WordList.app/WordList";
			};
			name = Release;
		};
/* End XCBuildConfiguration section */

/* Begin XCConfigurationList section */
		32EDBE7F1B9C81F500532A9A /* Build configuration list for PBXProject "WordList" */ = {
			isa = XCConfigurationList;
			buildConfigurations = (
				32EDBEA11B9C81F500532A9A /* Debug */,
				32EDBEA21B9C81F500532A9A /* Release */,
			);
			defaultConfigurationIsVisible = 0;
			defaultConfigurationName = Release;
		};
		32EDBEA31B9C81F500532A9A /* Build configuration list for PBXNativeTarget "WordList" */ = {
			isa = XCConfigurationList;
			buildConfigurations = (
				32EDBEA41B9C81F500532A9A /* Debug */,
				32EDBEA51B9C81F500532A9A /* Release */,
			);
			defaultConfigurationIsVisible = 0;
		};
		32EDBEA61B9C81F500532A9A /* Build configuration list for PBXNativeTarget "WordListTests" */ = {
			isa = XCConfigurationList;
			buildConfigurations = (
				32EDBEA71B9C81F500532A9A /* Debug */,
				32EDBEA81B9C81F500532A9A /* Release */,
			);
			defaultConfigurationIsVisible = 0;
		};
/* End XCConfigurationList section */
	};
	rootObject = 32EDBE7C1B9C81F500532A9A /* Project object */;
}
